
Microsoft Visual Studio Solution File, Format Version 12.00
# Visual Studio 2013
VisualStudioVersion = 12.0.30324.0
MinimumVisualStudioVersion = 10.0.40219.1
Project("{FAE04EC0-301F-11D3-BF4B-00C04F79EFBC}") = "Orleans.Journal", "Orleans.Journal\Orleans.Journal.csproj", "{9623D0C3-97FF-476C-A24B-8EB9BC4AB360}"
EndProject
Project("{2150E333-8FDC-42A3-9474-1A3956D46DE8}") = ".nuget", ".nuget", "{89755C24-CCBE-432A-8241-173953F04A6A}"
	ProjectSection(SolutionItems) = preProject
		.nuget\NuGet.Config = .nuget\NuGet.Config
		.nuget\NuGet.exe = .nuget\NuGet.exe
		.nuget\NuGet.targets = .nuget\NuGet.targets
	EndProjectSection
EndProject
Project("{FAE04EC0-301F-11D3-BF4B-00C04F79EFBC}") = "Orleans.Journal.AzureTable", "Orleans.Journal.AzureTable\Orleans.Journal.AzureTable.csproj", "{227B55F6-200C-4214-B153-FB53B301C5E9}"
EndProject
Project("{FAE04EC0-301F-11D3-BF4B-00C04F79EFBC}") = "Orleans.Journal.UnitTests", "Orleans.Journal.UnitTest\Orleans.Journal.UnitTests.csproj", "{33A44130-F6A8-4A7E-96FE-66661589239B}"
EndProject
Project("{FAE04EC0-301F-11D3-BF4B-00C04F79EFBC}") = "TestGrainInterfaces", "TestGrainInterfaces\TestGrainInterfaces.csproj", "{BD1CCEF9-C190-45F4-8ABB-FD15B81F66B7}"
EndProject
Project("{FAE04EC0-301F-11D3-BF4B-00C04F79EFBC}") = "TestGrains", "TestGrains\TestGrains.csproj", "{B831B85B-FEB2-4F25-9548-E933D46D9F9D}"
EndProject
Global
	GlobalSection(SolutionConfigurationPlatforms) = preSolution
		Debug|Any CPU = Debug|Any CPU
		Release|Any CPU = Release|Any CPU
	EndGlobalSection
	GlobalSection(ProjectConfigurationPlatforms) = postSolution
		{9623D0C3-97FF-476C-A24B-8EB9BC4AB360}.Debug|Any CPU.ActiveCfg = Debug|Any CPU
		{9623D0C3-97FF-476C-A24B-8EB9BC4AB360}.Debug|Any CPU.Build.0 = Debug|Any CPU
		{9623D0C3-97FF-476C-A24B-8EB9BC4AB360}.Release|Any CPU.ActiveCfg = Release|Any CPU
		{9623D0C3-97FF-476C-A24B-8EB9BC4AB360}.Release|Any CPU.Build.0 = Release|Any CPU
		{227B55F6-200C-4214-B153-FB53B301C5E9}.Debug|Any CPU.ActiveCfg = Debug|Any CPU
		{227B55F6-200C-4214-B153-FB53B301C5E9}.Debug|Any CPU.Build.0 = Debug|Any CPU
		{227B55F6-200C-4214-B153-FB53B301C5E9}.Release|Any CPU.ActiveCfg = Release|Any CPU
		{227B55F6-200C-4214-B153-FB53B301C5E9}.Release|Any CPU.Build.0 = Release|Any CPU
		{33A44130-F6A8-4A7E-96FE-66661589239B}.Debug|Any CPU.ActiveCfg = Debug|Any CPU
		{33A44130-F6A8-4A7E-96FE-66661589239B}.Debug|Any CPU.Build.0 = Debug|Any CPU
		{33A44130-F6A8-4A7E-96FE-66661589239B}.Release|Any CPU.ActiveCfg = Release|Any CPU
		{33A44130-F6A8-4A7E-96FE-66661589239B}.Release|Any CPU.Build.0 = Release|Any CPU
		{BD1CCEF9-C190-45F4-8ABB-FD15B81F66B7}.Debug|Any CPU.ActiveCfg = Debug|Any CPU
		{BD1CCEF9-C190-45F4-8ABB-FD15B81F66B7}.Debug|Any CPU.Build.0 = Debug|Any CPU
		{BD1CCEF9-C190-45F4-8ABB-FD15B81F66B7}.Release|Any CPU.ActiveCfg = Release|Any CPU
		{BD1CCEF9-C190-45F4-8ABB-FD15B81F66B7}.Release|Any CPU.Build.0 = Release|Any CPU
		{B831B85B-FEB2-4F25-9548-E933D46D9F9D}.Debug|Any CPU.ActiveCfg = Debug|Any CPU
		{B831B85B-FEB2-4F25-9548-E933D46D9F9D}.Debug|Any CPU.Build.0 = Debug|Any CPU
		{B831B85B-FEB2-4F25-9548-E933D46D9F9D}.Release|Any CPU.ActiveCfg = Release|Any CPU
		{B831B85B-FEB2-4F25-9548-E933D46D9F9D}.Release|Any CPU.Build.0 = Release|Any CPU
	EndGlobalSection
	GlobalSection(SolutionProperties) = preSolution
		HideSolutionNode = FALSE
	EndGlobalSection
EndGlobal
